
Microsoft Visual Studio Solution File, Format Version 12.00
# Visual Studio Version 16
VisualStudioVersion = 16.0.29920.165
MinimumVisualStudioVersion = 10.0.40219.1
Project("{9A19103F-16F7-4668-BE54-9A1E7A4F7556}") = "LocusNine", "LocusNine\LocusNine.csproj", "{96A5A692-3B19-4BA0-A29E-A90E7E1EEB78}"
EndProject
Project("{FAE04EC0-301F-11D3-BF4B-00C04F79EFBC}") = "LocusNine.Users.WebApplication", "WebApplication1\LocusNine.Users.WebApplication.csproj", "{0F204231-5833-4B9F-AED5-0112C3B3AB4B}"
EndProject
Global
	GlobalSection(SolutionConfigurationPlatforms) = preSolution
		Debug|Any CPU = Debug|Any CPU
		Release|Any CPU = Release|Any CPU
	EndGlobalSection
	GlobalSection(ProjectConfigurationPlatforms) = postSolution
		{96A5A692-3B19-4BA0-A29E-A90E7E1EEB78}.Debug|Any CPU.ActiveCfg = Debug|Any CPU
		{96A5A692-3B19-4BA0-A29E-A90E7E1EEB78}.Debug|Any CPU.Build.0 = Debug|Any CPU
		{96A5A692-3B19-4BA0-A29E-A90E7E1EEB78}.Release|Any CPU.ActiveCfg = Release|Any CPU
		{96A5A692-3B19-4BA0-A29E-A90E7E1EEB78}.Release|Any CPU.Build.0 = Release|Any CPU
		{0F204231-5833-4B9F-AED5-0112C3B3AB4B}.Debug|Any CPU.ActiveCfg = Debug|Any CPU
		{0F204231-5833-4B9F-AED5-0112C3B3AB4B}.Debug|Any CPU.Build.0 = Debug|Any CPU
		{0F204231-5833-4B9F-AED5-0112C3B3AB4B}.Release|Any CPU.ActiveCfg = Release|Any CPU
		{0F204231-5833-4B9F-AED5-0112C3B3AB4B}.Release|Any CPU.Build.0 = Release|Any CPU
	EndGlobalSection
	GlobalSection(SolutionProperties) = preSolution
		HideSolutionNode = FALSE
	EndGlobalSection
	GlobalSection(ExtensibilityGlobals) = postSolution
		SolutionGuid = {F2CECEE0-A59A-4008-8ECF-BE256DBDB2D2}
	EndGlobalSection
EndGlobal
